
Microsoft Visual Studio Solution File, Format Version 12.00
# Visual Studio 15
VisualStudioVersion = 15.0.28307.1684
MinimumVisualStudioVersion = 10.0.40219.1
Project("{FAE04EC0-301F-11D3-BF4B-00C04F79EFBC}") = "1 -Alura.CSharp", "Alura.CSharp\1 -Alura.CSharp.csproj", "{AC6AE58C-43FC-481C-B8C6-65088F48719A}"
EndProject
Project("{FAE04EC0-301F-11D3-BF4B-00C04F79EFBC}") = "2-CriandoVariáveis", "2-CriandoVariáveis\2-CriandoVariáveis.csproj", "{75C8F1AD-BF3E-4B57-8EB6-1B3A9F5E6B9A}"
EndProject
Project("{FAE04EC0-301F-11D3-BF4B-00C04F79EFBC}") = "3 -Criando variáveis.Flutuante", "Criando variáveis.Flutuante\3 -Criando variáveis.Flutuante.csproj", "{869C701A-322F-400A-915D-E93B30093D93}"
EndProject
Project("{FAE04EC0-301F-11D3-BF4B-00C04F79EFBC}") = "4 -Conversões e outros tipos", "ConsoleApp1\4 -Conversões e outros tipos.csproj", "{2554EFD1-C973-4AEB-B9E9-D1ED9FA1CD05}"
EndProject
Project("{FAE04EC0-301F-11D3-BF4B-00C04F79EFBC}") = "5 -Caractere", "5 -Caractere\5 -Caractere.csproj", "{4393419F-6563-4CB5-A3C6-8EE3CCAFA6D8}"
EndProject
Project("{FAE04EC0-301F-11D3-BF4B-00C04F79EFBC}") = "6 - Atribuições de variáveis", "6 - Atribuições de variáveis\6 - Atribuições de variáveis.csproj", "{E00DA559-9790-4780-A71D-4058E7C88BE9}"
EndProject
Project("{FAE04EC0-301F-11D3-BF4B-00C04F79EFBC}") = "7 - Condicionais", "ConsoleApp2\7 - Condicionais.csproj", "{E0A5EABF-42D2-4C47-B159-EE72C167C37F}"
EndProject
Project("{FAE04EC0-301F-11D3-BF4B-00C04F79EFBC}") = "8 - Consicionais 2 (variável booleana, operador e, or)", "8 - Consicionais 2 (variável booleana)\8 - Consicionais 2 (variável booleana, operador e, or).csproj", "{9E0319E5-B3FC-4896-9EEB-ACB649CD8FB9}"
EndProject
Project("{FAE04EC0-301F-11D3-BF4B-00C04F79EFBC}") = "9 - Escopo de variável", "10 - Escopo de variável\9 - Escopo de variável.csproj", "{243B6EF0-D3C1-4067-A533-D42130436422}"
EndProject
Project("{FAE04EC0-301F-11D3-BF4B-00C04F79EFBC}") = "P10 - Laço de repetição While", "P10 - Laço de repetição While\P10 - Laço de repetição While.csproj", "{777F823E-C1A9-4022-8B80-DCD99C099C91}"
EndProject
Project("{FAE04EC0-301F-11D3-BF4B-00C04F79EFBC}") = "P11 - Laço de repetição FOR", "P11 - Laço de repetição FOR\P11 - Laço de repetição FOR.csproj", "{3FEC81CC-00B3-45B4-863B-E0CE82C62FB6}"
EndProject
Project("{FAE04EC0-301F-11D3-BF4B-00C04F79EFBC}") = "P12 - Investimento a longo prazo", "P12 - Investimento a longo prazo\P12 - Investimento a longo prazo.csproj", "{255BBB39-85BA-4D3D-81C6-F2599A5D80B2}"
EndProject
Project("{FAE04EC0-301F-11D3-BF4B-00C04F79EFBC}") = "P13 - Break", "P13 - Break\P13 - Break.csproj", "{49BB65FF-487A-4C52-8797-84B80EBF10DD}"
EndProject
Global
	GlobalSection(SolutionConfigurationPlatforms) = preSolution
		Debug|Any CPU = Debug|Any CPU
		Release|Any CPU = Release|Any CPU
	EndGlobalSection
	GlobalSection(ProjectConfigurationPlatforms) = postSolution
		{AC6AE58C-43FC-481C-B8C6-65088F48719A}.Debug|Any CPU.ActiveCfg = Debug|Any CPU
		{AC6AE58C-43FC-481C-B8C6-65088F48719A}.Debug|Any CPU.Build.0 = Debug|Any CPU
		{AC6AE58C-43FC-481C-B8C6-65088F48719A}.Release|Any CPU.ActiveCfg = Release|Any CPU
		{AC6AE58C-43FC-481C-B8C6-65088F48719A}.Release|Any CPU.Build.0 = Release|Any CPU
		{75C8F1AD-BF3E-4B57-8EB6-1B3A9F5E6B9A}.Debug|Any CPU.ActiveCfg = Debug|Any CPU
		{75C8F1AD-BF3E-4B57-8EB6-1B3A9F5E6B9A}.Debug|Any CPU.Build.0 = Debug|Any CPU
		{75C8F1AD-BF3E-4B57-8EB6-1B3A9F5E6B9A}.Release|Any CPU.ActiveCfg = Release|Any CPU
		{75C8F1AD-BF3E-4B57-8EB6-1B3A9F5E6B9A}.Release|Any CPU.Build.0 = Release|Any CPU
		{869C701A-322F-400A-915D-E93B30093D93}.Debug|Any CPU.ActiveCfg = Debug|Any CPU
		{869C701A-322F-400A-915D-E93B30093D93}.Debug|Any CPU.Build.0 = Debug|Any CPU
		{869C701A-322F-400A-915D-E93B30093D93}.Release|Any CPU.ActiveCfg = Release|Any CPU
		{869C701A-322F-400A-915D-E93B30093D93}.Release|Any CPU.Build.0 = Release|Any CPU
		{2554EFD1-C973-4AEB-B9E9-D1ED9FA1CD05}.Debug|Any CPU.ActiveCfg = Debug|Any CPU
		{2554EFD1-C973-4AEB-B9E9-D1ED9FA1CD05}.Debug|Any CPU.Build.0 = Debug|Any CPU
		{2554EFD1-C973-4AEB-B9E9-D1ED9FA1CD05}.Release|Any CPU.ActiveCfg = Release|Any CPU
		{2554EFD1-C973-4AEB-B9E9-D1ED9FA1CD05}.Release|Any CPU.Build.0 = Release|Any CPU
		{4393419F-6563-4CB5-A3C6-8EE3CCAFA6D8}.Debug|Any CPU.ActiveCfg = Debug|Any CPU
		{4393419F-6563-4CB5-A3C6-8EE3CCAFA6D8}.Debug|Any CPU.Build.0 = Debug|Any CPU
		{4393419F-6563-4CB5-A3C6-8EE3CCAFA6D8}.Release|Any CPU.ActiveCfg = Release|Any CPU
		{4393419F-6563-4CB5-A3C6-8EE3CCAFA6D8}.Release|Any CPU.Build.0 = Release|Any CPU
		{E00DA559-9790-4780-A71D-4058E7C88BE9}.Debug|Any CPU.ActiveCfg = Debug|Any CPU
		{E00DA559-9790-4780-A71D-4058E7C88BE9}.Debug|Any CPU.Build.0 = Debug|Any CPU
		{E00DA559-9790-4780-A71D-4058E7C88BE9}.Release|Any CPU.ActiveCfg = Release|Any CPU
		{E00DA559-9790-4780-A71D-4058E7C88BE9}.Release|Any CPU.Build.0 = Release|Any CPU
		{E0A5EABF-42D2-4C47-B159-EE72C167C37F}.Debug|Any CPU.ActiveCfg = Debug|Any CPU
		{E0A5EABF-42D2-4C47-B159-EE72C167C37F}.Debug|Any CPU.Build.0 = Debug|Any CPU
		{E0A5EABF-42D2-4C47-B159-EE72C167C37F}.Release|Any CPU.ActiveCfg = Release|Any CPU
		{E0A5EABF-42D2-4C47-B159-EE72C167C37F}.Release|Any CPU.Build.0 = Release|Any CPU
		{9E0319E5-B3FC-4896-9EEB-ACB649CD8FB9}.Debug|Any CPU.ActiveCfg = Debug|Any CPU
		{9E0319E5-B3FC-4896-9EEB-ACB649CD8FB9}.Debug|Any CPU.Build.0 = Debug|Any CPU
		{9E0319E5-B3FC-4896-9EEB-ACB649CD8FB9}.Release|Any CPU.ActiveCfg = Release|Any CPU
		{9E0319E5-B3FC-4896-9EEB-ACB649CD8FB9}.Release|Any CPU.Build.0 = Release|Any CPU
		{243B6EF0-D3C1-4067-A533-D42130436422}.Debug|Any CPU.ActiveCfg = Debug|Any CPU
		{243B6EF0-D3C1-4067-A533-D42130436422}.Debug|Any CPU.Build.0 = Debug|Any CPU
		{243B6EF0-D3C1-4067-A533-D42130436422}.Release|Any CPU.ActiveCfg = Release|Any CPU
		{243B6EF0-D3C1-4067-A533-D42130436422}.Release|Any CPU.Build.0 = Release|Any CPU
		{777F823E-C1A9-4022-8B80-DCD99C099C91}.Debug|Any CPU.ActiveCfg = Debug|Any CPU
		{777F823E-C1A9-4022-8B80-DCD99C099C91}.Debug|Any CPU.Build.0 = Debug|Any CPU
		{777F823E-C1A9-4022-8B80-DCD99C099C91}.Release|Any CPU.ActiveCfg = Release|Any CPU
		{777F823E-C1A9-4022-8B80-DCD99C099C91}.Release|Any CPU.Build.0 = Release|Any CPU
		{3FEC81CC-00B3-45B4-863B-E0CE82C62FB6}.Debug|Any CPU.ActiveCfg = Debug|Any CPU
		{3FEC81CC-00B3-45B4-863B-E0CE82C62FB6}.Debug|Any CPU.Build.0 = Debug|Any CPU
		{3FEC81CC-00B3-45B4-863B-E0CE82C62FB6}.Release|Any CPU.ActiveCfg = Release|Any CPU
		{3FEC81CC-00B3-45B4-863B-E0CE82C62FB6}.Release|Any CPU.Build.0 = Release|Any CPU
		{255BBB39-85BA-4D3D-81C6-F2599A5D80B2}.Debug|Any CPU.ActiveCfg = Debug|Any CPU
		{255BBB39-85BA-4D3D-81C6-F2599A5D80B2}.Debug|Any CPU.Build.0 = Debug|Any CPU
		{255BBB39-85BA-4D3D-81C6-F2599A5D80B2}.Release|Any CPU.ActiveCfg = Release|Any CPU
		{255BBB39-85BA-4D3D-81C6-F2599A5D80B2}.Release|Any CPU.Build.0 = Release|Any CPU
		{49BB65FF-487A-4C52-8797-84B80EBF10DD}.Debug|Any CPU.ActiveCfg = Debug|Any CPU
		{49BB65FF-487A-4C52-8797-84B80EBF10DD}.Debug|Any CPU.Build.0 = Debug|Any CPU
		{49BB65FF-487A-4C52-8797-84B80EBF10DD}.Release|Any CPU.ActiveCfg = Release|Any CPU
		{49BB65FF-487A-4C52-8797-84B80EBF10DD}.Release|Any CPU.Build.0 = Release|Any CPU
	EndGlobalSection
	GlobalSection(SolutionProperties) = preSolution
		HideSolutionNode = FALSE
	EndGlobalSection
	GlobalSection(ExtensibilityGlobals) = postSolution
		SolutionGuid = {B6D4A01C-F116-44CB-951C-E1EDE67BD3A5}
	EndGlobalSection
EndGlobal
